
Microsoft Visual Studio Solution File, Format Version 12.00
# Visual Studio Version 16
VisualStudioVersion = 16.0.29806.167
MinimumVisualStudioVersion = 10.0.40219.1
Project("{8BC9CEB8-8B4A-11D0-8D11-00A0C91BC942}") = "HashCode_Team", "HashCode_Team.vcxproj", "{750A4CEE-E1FD-475F-9C01-55A074797C4C}"
EndProject
Global
	GlobalSection(SolutionConfigurationPlatforms) = preSolution
		Debug|x64 = Debug|x64
		Debug|x86 = Debug|x86
		Release|x64 = Release|x64
		Release|x86 = Release|x86
	EndGlobalSection
	GlobalSection(ProjectConfigurationPlatforms) = postSolution
		{750A4CEE-E1FD-475F-9C01-55A074797C4C}.Debug|x64.ActiveCfg = Debug|x64
		{750A4CEE-E1FD-475F-9C01-55A074797C4C}.Debug|x64.Build.0 = Debug|x64
		{750A4CEE-E1FD-475F-9C01-55A074797C4C}.Debug|x86.ActiveCfg = Debug|Win32
		{750A4CEE-E1FD-475F-9C01-55A074797C4C}.Debug|x86.Build.0 = Debug|Win32
		{750A4CEE-E1FD-475F-9C01-55A074797C4C}.Release|x64.ActiveCfg = Release|x64
		{750A4CEE-E1FD-475F-9C01-55A074797C4C}.Release|x64.Build.0 = Release|x64
		{750A4CEE-E1FD-475F-9C01-55A074797C4C}.Release|x86.ActiveCfg = Release|Win32
		{750A4CEE-E1FD-475F-9C01-55A074797C4C}.Release|x86.Build.0 = Release|Win32
	EndGlobalSection
	GlobalSection(SolutionProperties) = preSolution
		HideSolutionNode = FALSE
	EndGlobalSection
	GlobalSection(ExtensibilityGlobals) = postSolution
		SolutionGuid = {23A6FBF6-4A5B-4B7B-9542-0588D0EEF555}
	EndGlobalSection
EndGlobal
